// !$*UTF8*$!
{
	archiveVersion = 1;
	classes = {
	};
	objectVersion = 46;
	objects = {

/* Begin PBXBuildFile section */
		18200B341DDB9537000B0075 /* PokeAnnotation.swift in Sources */ = {isa = PBXBuildFile; fileRef = 18200B331DDB9537000B0075 /* PokeAnnotation.swift */; };
		188413481DDB81BC004A293A /* AppDelegate.swift in Sources */ = {isa = PBXBuildFile; fileRef = 188413471DDB81BC004A293A /* AppDelegate.swift */; };
		1884134A1DDB81BC004A293A /* ViewController.swift in Sources */ = {isa = PBXBuildFile; fileRef = 188413491DDB81BC004A293A /* ViewController.swift */; };
		1884134D1DDB81BC004A293A /* Main.storyboard in Resources */ = {isa = PBXBuildFile; fileRef = 1884134B1DDB81BC004A293A /* Main.storyboard */; };
		1884134F1DDB81BC004A293A /* Assets.xcassets in Resources */ = {isa = PBXBuildFile; fileRef = 1884134E1DDB81BC004A293A /* Assets.xcassets */; };
		188413521DDB81BC004A293A /* LaunchScreen.storyboard in Resources */ = {isa = PBXBuildFile; fileRef = 188413501DDB81BC004A293A /* LaunchScreen.storyboard */; };
		1884135A1DDB8266004A293A /* GoogleService-Info.plist in Resources */ = {isa = PBXBuildFile; fileRef = 188413591DDB8266004A293A /* GoogleService-Info.plist */; };
		1884136D1DDB8569004A293A /* GeoFire.m in Sources */ = {isa = PBXBuildFile; fileRef = 188413641DDB8569004A293A /* GeoFire.m */; };
		1884136E1DDB8569004A293A /* GFBase32Utils.m in Sources */ = {isa = PBXBuildFile; fileRef = 188413661DDB8569004A293A /* GFBase32Utils.m */; };
		1884136F1DDB8569004A293A /* GFGeoHash.m in Sources */ = {isa = PBXBuildFile; fileRef = 188413681DDB8569004A293A /* GFGeoHash.m */; };
		188413701DDB8569004A293A /* GFGeoHashQuery.m in Sources */ = {isa = PBXBuildFile; fileRef = 1884136A1DDB8569004A293A /* GFGeoHashQuery.m */; };
		188413711DDB8569004A293A /* GFQuery.m in Sources */ = {isa = PBXBuildFile; fileRef = 1884136C1DDB8569004A293A /* GFQuery.m */; };
		E5B85C97649F7746946F33CB /* Pods_PokeFinder.framework in Frameworks */ = {isa = PBXBuildFile; fileRef = 9EFDAF989EAA465F8E195A21 /* Pods_PokeFinder.framework */; };
/* End PBXBuildFile section */

/* Begin PBXFileReference section */
		18200B331DDB9537000B0075 /* PokeAnnotation.swift */ = {isa = PBXFileReference; fileEncoding = 4; lastKnownFileType = sourcecode.swift; path = PokeAnnotation.swift; sourceTree = "<group>"; };
		188413441DDB81BC004A293A /* PokeFinder.app */ = {isa = PBXFileReference; explicitFileType = wrapper.application; includeInIndex = 0; path = PokeFinder.app; sourceTree = BUILT_PRODUCTS_DIR; };
		188413471DDB81BC004A293A /* AppDelegate.swift */ = {isa = PBXFileReference; lastKnownFileType = sourcecode.swift; path = AppDelegate.swift; sourceTree = "<group>"; };
		188413491DDB81BC004A293A /* ViewController.swift */ = {isa = PBXFileReference; lastKnownFileType = sourcecode.swift; path = ViewController.swift; sourceTree = "<group>"; };
		1884134C1DDB81BC004A293A /* Base */ = {isa = PBXFileReference; lastKnownFileType = file.storyboard; name = Base; path = Base.lproj/Main.storyboard; sourceTree = "<group>"; };
		1884134E1DDB81BC004A293A /* Assets.xcassets */ = {isa = PBXFileReference; lastKnownFileType = folder.assetcatalog; path = Assets.xcassets; sourceTree = "<group>"; };
		188413511DDB81BC004A293A /* Base */ = {isa = PBXFileReference; lastKnownFileType = file.storyboard; name = Base; path = Base.lproj/LaunchScreen.storyboard; sourceTree = "<group>"; };
		188413531DDB81BC004A293A /* Info.plist */ = {isa = PBXFileReference; lastKnownFileType = text.plist.xml; path = Info.plist; sourceTree = "<group>"; };
		188413591DDB8266004A293A /* GoogleService-Info.plist */ = {isa = PBXFileReference; fileEncoding = 4; lastKnownFileType = text.plist.xml; path = "GoogleService-Info.plist"; sourceTree = "<group>"; };
		1884135D1DDB8569004A293A /* GeoFire.h */ = {isa = PBXFileReference; fileEncoding = 4; lastKnownFileType = sourcecode.c.h; path = GeoFire.h; sourceTree = "<group>"; };
		1884135E1DDB8569004A293A /* GFCircleQuery.h */ = {isa = PBXFileReference; fileEncoding = 4; lastKnownFileType = sourcecode.c.h; path = GFCircleQuery.h; sourceTree = "<group>"; };
		1884135F1DDB8569004A293A /* GFQuery.h */ = {isa = PBXFileReference; fileEncoding = 4; lastKnownFileType = sourcecode.c.h; path = GFQuery.h; sourceTree = "<group>"; };
		188413601DDB8569004A293A /* GFRegionQuery.h */ = {isa = PBXFileReference; fileEncoding = 4; lastKnownFileType = sourcecode.c.h; path = GFRegionQuery.h; sourceTree = "<group>"; };
		188413611DDB8569004A293A /* GeoFire-Prefix.pch */ = {isa = PBXFileReference; fileEncoding = 4; lastKnownFileType = sourcecode.c.h; path = "GeoFire-Prefix.pch"; sourceTree = "<group>"; };
		188413631DDB8569004A293A /* GeoFire+Private.h */ = {isa = PBXFileReference; fileEncoding = 4; lastKnownFileType = sourcecode.c.h; path = "GeoFire+Private.h"; sourceTree = "<group>"; };
		188413641DDB8569004A293A /* GeoFire.m */ = {isa = PBXFileReference; fileEncoding = 4; lastKnownFileType = sourcecode.c.objc; path = GeoFire.m; sourceTree = "<group>"; };
		188413651DDB8569004A293A /* GFBase32Utils.h */ = {isa = PBXFileReference; fileEncoding = 4; lastKnownFileType = sourcecode.c.h; path = GFBase32Utils.h; sourceTree = "<group>"; };
		188413661DDB8569004A293A /* GFBase32Utils.m */ = {isa = PBXFileReference; fileEncoding = 4; lastKnownFileType = sourcecode.c.objc; path = GFBase32Utils.m; sourceTree = "<group>"; };
		188413671DDB8569004A293A /* GFGeoHash.h */ = {isa = PBXFileReference; fileEncoding = 4; lastKnownFileType = sourcecode.c.h; path = GFGeoHash.h; sourceTree = "<group>"; };
		188413681DDB8569004A293A /* GFGeoHash.m */ = {isa = PBXFileReference; fileEncoding = 4; lastKnownFileType = sourcecode.c.objc; path = GFGeoHash.m; sourceTree = "<group>"; };
		188413691DDB8569004A293A /* GFGeoHashQuery.h */ = {isa = PBXFileReference; fileEncoding = 4; lastKnownFileType = sourcecode.c.h; path = GFGeoHashQuery.h; sourceTree = "<group>"; };
		1884136A1DDB8569004A293A /* GFGeoHashQuery.m */ = {isa = PBXFileReference; fileEncoding = 4; lastKnownFileType = sourcecode.c.objc; path = GFGeoHashQuery.m; sourceTree = "<group>"; };
		1884136B1DDB8569004A293A /* GFQuery+Private.h */ = {isa = PBXFileReference; fileEncoding = 4; lastKnownFileType = sourcecode.c.h; path = "GFQuery+Private.h"; sourceTree = "<group>"; };
		1884136C1DDB8569004A293A /* GFQuery.m */ = {isa = PBXFileReference; fileEncoding = 4; lastKnownFileType = sourcecode.c.objc; path = GFQuery.m; sourceTree = "<group>"; };
		188413781DDB8649004A293A /* PokeFinder-Bridging-Header.h */ = {isa = PBXFileReference; fileEncoding = 4; lastKnownFileType = sourcecode.c.h; path = "PokeFinder-Bridging-Header.h"; sourceTree = "<group>"; };
		361427E66FD01603C6D82553 /* Pods-PokeFinder.debug.xcconfig */ = {isa = PBXFileReference; includeInIndex = 1; lastKnownFileType = text.xcconfig; name = "Pods-PokeFinder.debug.xcconfig"; path = "Pods/Target Support Files/Pods-PokeFinder/Pods-PokeFinder.debug.xcconfig"; sourceTree = "<group>"; };
		9EFDAF989EAA465F8E195A21 /* Pods_PokeFinder.framework */ = {isa = PBXFileReference; explicitFileType = wrapper.framework; includeInIndex = 0; path = Pods_PokeFinder.framework; sourceTree = BUILT_PRODUCTS_DIR; };
		E35CA96BC16E5BCF31E743B1 /* Pods-PokeFinder.release.xcconfig */ = {isa = PBXFileReference; includeInIndex = 1; lastKnownFileType = text.xcconfig; name = "Pods-PokeFinder.release.xcconfig"; path = "Pods/Target Support Files/Pods-PokeFinder/Pods-PokeFinder.release.xcconfig"; sourceTree = "<group>"; };
/* End PBXFileReference section */

/* Begin PBXFrameworksBuildPhase section */
		188413411DDB81BC004A293A /* Frameworks */ = {
			isa = PBXFrameworksBuildPhase;
			buildActionMask = 2147483647;
			files = (
				E5B85C97649F7746946F33CB /* Pods_PokeFinder.framework in Frameworks */,
			);
			runOnlyForDeploymentPostprocessing = 0;
		};
/* End PBXFrameworksBuildPhase section */

/* Begin PBXGroup section */
		18200B301DDB9515000B0075 /* Controller */ = {
			isa = PBXGroup;
			children = (
				188413491DDB81BC004A293A /* ViewController.swift */,
			);
			name = Controller;
			sourceTree = "<group>";
		};
		18200B311DDB951C000B0075 /* View */ = {
			isa = PBXGroup;
			children = (
			);
			name = View;
			sourceTree = "<group>";
		};
		18200B321DDB9520000B0075 /* Model */ = {
			isa = PBXGroup;
			children = (
				18200B331DDB9537000B0075 /* PokeAnnotation.swift */,
			);
			name = Model;
			sourceTree = "<group>";
		};
		1884133B1DDB81BC004A293A = {
			isa = PBXGroup;
			children = (
				188413461DDB81BC004A293A /* PokeFinder */,
				188413451DDB81BC004A293A /* Products */,
				21B8DE4121A1E9CD0BE1BE4F /* Pods */,
				F4E884AA8988B9F3DEF2ADA4 /* Frameworks */,
			);
			sourceTree = "<group>";
		};
		188413451DDB81BC004A293A /* Products */ = {
			isa = PBXGroup;
			children = (
				188413441DDB81BC004A293A /* PokeFinder.app */,
			);
			name = Products;
			sourceTree = "<group>";
		};
		188413461DDB81BC004A293A /* PokeFinder */ = {
			isa = PBXGroup;
			children = (
				18200B321DDB9520000B0075 /* Model */,
				18200B311DDB951C000B0075 /* View */,
				18200B301DDB9515000B0075 /* Controller */,
				1884135B1DDB8569004A293A /* GeoFire */,
				188413591DDB8266004A293A /* GoogleService-Info.plist */,
				188413471DDB81BC004A293A /* AppDelegate.swift */,
				1884134B1DDB81BC004A293A /* Main.storyboard */,
				1884134E1DDB81BC004A293A /* Assets.xcassets */,
				188413501DDB81BC004A293A /* LaunchScreen.storyboard */,
				188413531DDB81BC004A293A /* Info.plist */,
				188413781DDB8649004A293A /* PokeFinder-Bridging-Header.h */,
			);
			path = PokeFinder;
			sourceTree = "<group>";
		};
		1884135B1DDB8569004A293A /* GeoFire */ = {
			isa = PBXGroup;
			children = (
				1884135C1DDB8569004A293A /* API */,
				188413611DDB8569004A293A /* GeoFire-Prefix.pch */,
				188413621DDB8569004A293A /* Implementation */,
			);
			path = GeoFire;
			sourceTree = "<group>";
		};
		1884135C1DDB8569004A293A /* API */ = {
			isa = PBXGroup;
			children = (
				1884135D1DDB8569004A293A /* GeoFire.h */,
				1884135E1DDB8569004A293A /* GFCircleQuery.h */,
				1884135F1DDB8569004A293A /* GFQuery.h */,
				188413601DDB8569004A293A /* GFRegionQuery.h */,
			);
			path = API;
			sourceTree = "<group>";
		};
		188413621DDB8569004A293A /* Implementation */ = {
			isa = PBXGroup;
			children = (
				188413631DDB8569004A293A /* GeoFire+Private.h */,
				188413641DDB8569004A293A /* GeoFire.m */,
				188413651DDB8569004A293A /* GFBase32Utils.h */,
				188413661DDB8569004A293A /* GFBase32Utils.m */,
				188413671DDB8569004A293A /* GFGeoHash.h */,
				188413681DDB8569004A293A /* GFGeoHash.m */,
				188413691DDB8569004A293A /* GFGeoHashQuery.h */,
				1884136A1DDB8569004A293A /* GFGeoHashQuery.m */,
				1884136B1DDB8569004A293A /* GFQuery+Private.h */,
				1884136C1DDB8569004A293A /* GFQuery.m */,
			);
			path = Implementation;
			sourceTree = "<group>";
		};
		21B8DE4121A1E9CD0BE1BE4F /* Pods */ = {
			isa = PBXGroup;
			children = (
				361427E66FD01603C6D82553 /* Pods-PokeFinder.debug.xcconfig */,
				E35CA96BC16E5BCF31E743B1 /* Pods-PokeFinder.release.xcconfig */,
			);
			name = Pods;
			sourceTree = "<group>";
		};
		F4E884AA8988B9F3DEF2ADA4 /* Frameworks */ = {
			isa = PBXGroup;
			children = (
				9EFDAF989EAA465F8E195A21 /* Pods_PokeFinder.framework */,
			);
			name = Frameworks;
			sourceTree = "<group>";
		};
/* End PBXGroup section */

/* Begin PBXNativeTarget section */
		188413431DDB81BC004A293A /* PokeFinder */ = {
			isa = PBXNativeTarget;
			buildConfigurationList = 188413561DDB81BC004A293A /* Build configuration list for PBXNativeTarget "PokeFinder" */;
			buildPhases = (
				73B270153BF1D22D8372103A /* [CP] Check Pods Manifest.lock */,
				188413401DDB81BC004A293A /* Sources */,
				188413411DDB81BC004A293A /* Frameworks */,
				188413421DDB81BC004A293A /* Resources */,
				FD95DFC1ABD2165627EFDE8E /* [CP] Embed Pods Frameworks */,
				02E98D53D7447EC123651C12 /* [CP] Copy Pods Resources */,
			);
			buildRules = (
			);
			dependencies = (
			);
			name = PokeFinder;
			productName = PokeFinder;
			productReference = 188413441DDB81BC004A293A /* PokeFinder.app */;
			productType = "com.apple.product-type.application";
		};
/* End PBXNativeTarget section */

/* Begin PBXProject section */
		1884133C1DDB81BC004A293A /* Project object */ = {
			isa = PBXProject;
			attributes = {
				LastSwiftUpdateCheck = 0810;
				LastUpgradeCheck = 0810;
				ORGANIZATIONNAME = "Anton Novoselov";
				TargetAttributes = {
					188413431DDB81BC004A293A = {
						CreatedOnToolsVersion = 8.1;
						DevelopmentTeam = 358V8FBM3U;
						ProvisioningStyle = Automatic;
					};
				};
			};
			buildConfigurationList = 1884133F1DDB81BC004A293A /* Build configuration list for PBXProject "PokeFinder" */;
			compatibilityVersion = "Xcode 3.2";
			developmentRegion = English;
			hasScannedForEncodings = 0;
			knownRegions = (
				en,
				Base,
			);
			mainGroup = 1884133B1DDB81BC004A293A;
			productRefGroup = 188413451DDB81BC004A293A /* Products */;
			projectDirPath = "";
			projectRoot = "";
			targets = (
				188413431DDB81BC004A293A /* PokeFinder */,
			);
		};
/* End PBXProject section */

/* Begin PBXResourcesBuildPhase section */
		188413421DDB81BC004A293A /* Resources */ = {
			isa = PBXResourcesBuildPhase;
			buildActionMask = 2147483647;
			files = (
				188413521DDB81BC004A293A /* LaunchScreen.storyboard in Resources */,
				1884135A1DDB8266004A293A /* GoogleService-Info.plist in Resources */,
				1884134F1DDB81BC004A293A /* Assets.xcassets in Resources */,
				1884134D1DDB81BC004A293A /* Main.storyboard in Resources */,
			);
			runOnlyForDeploymentPostprocessing = 0;
		};
/* End PBXResourcesBuildPhase section */

/* Begin PBXShellScriptBuildPhase section */
		02E98D53D7447EC123651C12 /* [CP] Copy Pods Resources */ = {
			isa = PBXShellScriptBuildPhase;
			buildActionMask = 2147483647;
			files = (
			);
			inputPaths = (
			);
			name = "[CP] Copy Pods Resources";
			outputPaths = (
			);
			runOnlyForDeploymentPostprocessing = 0;
			shellPath = /bin/sh;
			shellScript = "\"${SRCROOT}/Pods/Target Support Files/Pods-PokeFinder/Pods-PokeFinder-resources.sh\"\n";
			showEnvVarsInLog = 0;
		};
		73B270153BF1D22D8372103A /* [CP] Check Pods Manifest.lock */ = {
			isa = PBXShellScriptBuildPhase;
			buildActionMask = 2147483647;
			files = (
			);
			inputPaths = (
			);
			name = "[CP] Check Pods Manifest.lock";
			outputPaths = (
			);
			runOnlyForDeploymentPostprocessing = 0;
			shellPath = /bin/sh;
			shellScript = "diff \"${PODS_ROOT}/../Podfile.lock\" \"${PODS_ROOT}/Manifest.lock\" > /dev/null\nif [ $? != 0 ] ; then\n    # print error to STDERR\n    echo \"error: The sandbox is not in sync with the Podfile.lock. Run 'pod install' or update your CocoaPods installation.\" >&2\n    exit 1\nfi\n";
			showEnvVarsInLog = 0;
		};
		FD95DFC1ABD2165627EFDE8E /* [CP] Embed Pods Frameworks */ = {
			isa = PBXShellScriptBuildPhase;
			buildActionMask = 2147483647;
			files = (
			);
			inputPaths = (
			);
			name = "[CP] Embed Pods Frameworks";
			outputPaths = (
			);
			runOnlyForDeploymentPostprocessing = 0;
			shellPath = /bin/sh;
			shellScript = "\"${SRCROOT}/Pods/Target Support Files/Pods-PokeFinder/Pods-PokeFinder-frameworks.sh\"\n";
			showEnvVarsInLog = 0;
		};
/* End PBXShellScriptBuildPhase section */

/* Begin PBXSourcesBuildPhase section */
		188413401DDB81BC004A293A /* Sources */ = {
			isa = PBXSourcesBuildPhase;
			buildActionMask = 2147483647;
			files = (
				1884136E1DDB8569004A293A /* GFBase32Utils.m in Sources */,
				18200B341DDB9537000B0075 /* PokeAnnotation.swift in Sources */,
				1884134A1DDB81BC004A293A /* ViewController.swift in Sources */,
				1884136F1DDB8569004A293A /* GFGeoHash.m in Sources */,
				188413481DDB81BC004A293A /* AppDelegate.swift in Sources */,
				1884136D1DDB8569004A293A /* GeoFire.m in Sources */,
				188413701DDB8569004A293A /* GFGeoHashQuery.m in Sources */,
				188413711DDB8569004A293A /* GFQuery.m in Sources */,
			);
			runOnlyForDeploymentPostprocessing = 0;
		};
/* End PBXSourcesBuildPhase section */

/* Begin PBXVariantGroup section */
		1884134B1DDB81BC004A293A /* Main.storyboard */ = {
			isa = PBXVariantGroup;
			children = (
				1884134C1DDB81BC004A293A /* Base */,
			);
			name = Main.storyboard;
			sourceTree = "<group>";
		};
		188413501DDB81BC004A293A /* LaunchScreen.storyboard */ = {
			isa = PBXVariantGroup;
			children = (
				188413511DDB81BC004A293A /* Base */,
			);
			name = LaunchScreen.storyboard;
			sourceTree = "<group>";
		};
/* End PBXVariantGroup section */

/* Begin XCBuildConfiguration section */
		188413541DDB81BC004A293A /* Debug */ = {
			isa = XCBuildConfiguration;
			buildSettings = {
				ALWAYS_SEARCH_USER_PATHS = NO;
				CLANG_ANALYZER_NONNULL = YES;
				CLANG_CXX_LANGUAGE_STANDARD = "gnu++0x";
				CLANG_CXX_LIBRARY = "libc++";
				CLANG_ENABLE_MODULES = YES;
				CLANG_ENABLE_OBJC_ARC = YES;
				CLANG_WARN_BOOL_CONVERSION = YES;
				CLANG_WARN_CONSTANT_CONVERSION = YES;
				CLANG_WARN_DIRECT_OBJC_ISA_USAGE = YES_ERROR;
				CLANG_WARN_DOCUMENTATION_COMMENTS = YES;
				CLANG_WARN_EMPTY_BODY = YES;
				CLANG_WARN_ENUM_CONVERSION = YES;
				CLANG_WARN_INFINITE_RECURSION = YES;
				CLANG_WARN_INT_CONVERSION = YES;
				CLANG_WARN_OBJC_ROOT_CLASS = YES_ERROR;
				CLANG_WARN_SUSPICIOUS_MOVES = YES;
				CLANG_WARN_UNREACHABLE_CODE = YES;
				CLANG_WARN__DUPLICATE_METHOD_MATCH = YES;
				"CODE_SIGN_IDENTITY[sdk=iphoneos*]" = "iPhone Developer";
				COPY_PHASE_STRIP = NO;
				DEBUG_INFORMATION_FORMAT = dwarf;
				ENABLE_STRICT_OBJC_MSGSEND = YES;
				ENABLE_TESTABILITY = YES;
				GCC_C_LANGUAGE_STANDARD = gnu99;
				GCC_DYNAMIC_NO_PIC = NO;
				GCC_NO_COMMON_BLOCKS = YES;
				GCC_OPTIMIZATION_LEVEL = 0;
				GCC_PREPROCESSOR_DEFINITIONS = (
					"DEBUG=1",
					"$(inherited)",
				);
				GCC_WARN_64_TO_32_BIT_CONVERSION = YES;
				GCC_WARN_ABOUT_RETURN_TYPE = YES_ERROR;
				GCC_WARN_UNDECLARED_SELECTOR = YES;
				GCC_WARN_UNINITIALIZED_AUTOS = YES_AGGRESSIVE;
				GCC_WARN_UNUSED_FUNCTION = YES;
				GCC_WARN_UNUSED_VARIABLE = YES;
				IPHONEOS_DEPLOYMENT_TARGET = 10.1;
				MTL_ENABLE_DEBUG_INFO = YES;
				ONLY_ACTIVE_ARCH = YES;
				SDKROOT = iphoneos;
				SWIFT_ACTIVE_COMPILATION_CONDITIONS = DEBUG;
				SWIFT_OPTIMIZATION_LEVEL = "-Onone";
				TARGETED_DEVICE_FAMILY = "1,2";
			};
			name = Debug;
		};
		188413551DDB81BC004A293A /* Release */ = {
			isa = XCBuildConfiguration;
			buildSettings = {
				ALWAYS_SEARCH_USER_PATHS = NO;
				CLANG_ANALYZER_NONNULL = YES;
				CLANG_CXX_LANGUAGE_STANDARD = "gnu++0x";
				CLANG_CXX_LIBRARY = "libc++";
				CLANG_ENABLE_MODULES = YES;
				CLANG_ENABLE_OBJC_ARC = YES;
				CLANG_WARN_BOOL_CONVERSION = YES;
				CLANG_WARN_CONSTANT_CONVERSION = YES;
				CLANG_WARN_DIRECT_OBJC_ISA_USAGE = YES_ERROR;
				CLANG_WARN_DOCUMENTATION_COMMENTS = YES;
				CLANG_WARN_EMPTY_BODY = YES;
				CLANG_WARN_ENUM_CONVERSION = YES;
				CLANG_WARN_INFINITE_RECURSION = YES;
				CLANG_WARN_INT_CONVERSION = YES;
				CLANG_WARN_OBJC_ROOT_CLASS = YES_ERROR;
				CLANG_WARN_SUSPICIOUS_MOVES = YES;
				CLANG_WARN_UNREACHABLE_CODE = YES;
				CLANG_WARN__DUPLICATE_METHOD_MATCH = YES;
				"CODE_SIGN_IDENTITY[sdk=iphoneos*]" = "iPhone Developer";
				COPY_PHASE_STRIP = NO;
				DEBUG_INFORMATION_FORMAT = "dwarf-with-dsym";
				ENABLE_NS_ASSERTIONS = NO;
				ENABLE_STRICT_OBJC_MSGSEND = YES;
				GCC_C_LANGUAGE_STANDARD = gnu99;
				GCC_NO_COMMON_BLOCKS = YES;
				GCC_WARN_64_TO_32_BIT_CONVERSION = YES;
				GCC_WARN_ABOUT_RETURN_TYPE = YES_ERROR;
				GCC_WARN_UNDECLARED_SELECTOR = YES;
				GCC_WARN_UNINITIALIZED_AUTOS = YES_AGGRESSIVE;
				GCC_WARN_UNUSED_FUNCTION = YES;
				GCC_WARN_UNUSED_VARIABLE = YES;
				IPHONEOS_DEPLOYMENT_TARGET = 10.1;
				MTL_ENABLE_DEBUG_INFO = NO;
				SDKROOT = iphoneos;
				SWIFT_OPTIMIZATION_LEVEL = "-Owholemodule";
				TARGETED_DEVICE_FAMILY = "1,2";
				VALIDATE_PRODUCT = YES;
			};
			name = Release;
		};
		188413571DDB81BC004A293A /* Debug */ = {
			isa = XCBuildConfiguration;
			baseConfigurationReference = 361427E66FD01603C6D82553 /* Pods-PokeFinder.debug.xcconfig */;
			buildSettings = {
				ASSETCATALOG_COMPILER_APPICON_NAME = AppIcon;
				DEVELOPMENT_TEAM = 358V8FBM3U;
				INFOPLIST_FILE = PokeFinder/Info.plist;
				LD_RUNPATH_SEARCH_PATHS = "$(inherited) @executable_path/Frameworks";
				PRODUCT_BUNDLE_IDENTIFIER = com.antonnovoselov.PokeFinder;
				PRODUCT_NAME = "$(TARGET_NAME)";
				SWIFT_OBJC_BRIDGING_HEADER = "PokeFinder/PokeFinder-Bridging-Header.h";
				SWIFT_VERSION = 3.0;
			};
			name = Debug;
		};
		188413581DDB81BC004A293A /* Release */ = {
			isa = XCBuildConfiguration;
			baseConfigurationReference = E35CA96BC16E5BCF31E743B1 /* Pods-PokeFinder.release.xcconfig */;
			buildSettings = {
				ASSETCATALOG_COMPILER_APPICON_NAME = AppIcon;
				DEVELOPMENT_TEAM = 358V8FBM3U;
				INFOPLIST_FILE = PokeFinder/Info.plist;
				LD_RUNPATH_SEARCH_PATHS = "$(inherited) @executable_path/Frameworks";
				PRODUCT_BUNDLE_IDENTIFIER = com.antonnovoselov.PokeFinder;
				PRODUCT_NAME = "$(TARGET_NAME)";
				SWIFT_OBJC_BRIDGING_HEADER = "PokeFinder/PokeFinder-Bridging-Header.h";
				SWIFT_VERSION = 3.0;
			};
			name = Release;
		};
/* End XCBuildConfiguration section */

/* Begin XCConfigurationList section */
		1884133F1DDB81BC004A293A /* Build configuration list for PBXProject "PokeFinder" */ = {
			isa = XCConfigurationList;
			buildConfigurations = (
				188413541DDB81BC004A293A /* Debug */,
				188413551DDB81BC004A293A /* Release */,
			);
			defaultConfigurationIsVisible = 0;
			defaultConfigurationName = Release;
		};
		188413561DDB81BC004A293A /* Build configuration list for PBXNativeTarget "PokeFinder" */ = {
			isa = XCConfigurationList;
			buildConfigurations = (
				188413571DDB81BC004A293A /* Debug */,
				188413581DDB81BC004A293A /* Release */,
			);
			defaultConfigurationIsVisible = 0;
			defaultConfigurationName = Release;
		};
/* End XCConfigurationList section */
	};
	rootObject = 1884133C1DDB81BC004A293A /* Project object */;
}
